// !$*UTF8*$!
{
	archiveVersion = 1;
	classes = {
	};
	objectVersion = 77;
	objects = {

/* Begin PBXBuildFile section */
		8D6A9DB32EABC4F500FDC26F /* TaskComponent.swift in Sources */ = {isa = PBXBuildFile; fileRef = 8D6A9DA72EABC4F500FDC26F /* TaskComponent.swift */; };
		8D6A9DB42EABC4F500FDC26F /* AddTaskView.swift in Sources */ = {isa = PBXBuildFile; fileRef = 8D6A9DA92EABC4F500FDC26F /* AddTaskView.swift */; };
		8D6A9DB52EABC4F500FDC26F /* HomeView.swift in Sources */ = {isa = PBXBuildFile; fileRef = 8D6A9DAA2EABC4F500FDC26F /* HomeView.swift */; };
		8D6A9DB62EABC4F500FDC26F /* ContentView.swift in Sources */ = {isa = PBXBuildFile; fileRef = 8D6A9DAD2EABC4F500FDC26F /* ContentView.swift */; };
		8D6A9DB82EABC4F500FDC26F /* TaskHubApp.swift in Sources */ = {isa = PBXBuildFile; fileRef = 8D6A9DAF2EABC4F500FDC26F /* TaskHubApp.swift */; };
		8D6A9DB92EABC4F500FDC26F /* Assets.xcassets in Resources */ = {isa = PBXBuildFile; fileRef = 8D6A9DAC2EABC4F500FDC26F /* Assets.xcassets */; };
		8D7410592EB3A59500B46D5D /* TaskHub.xcdatamodeld in Sources */ = {isa = PBXBuildFile; fileRef = 8D7410572EB3A59500B46D5D /* TaskHub.xcdatamodeld */; };
		8D74105C2EB3A6B800B46D5D /* TaskHubItem+CoreDataClass.swift in Sources */ = {isa = PBXBuildFile; fileRef = 8D74105A2EB3A6B800B46D5D /* TaskHubItem+CoreDataClass.swift */; };
		8D74105D2EB3A6B800B46D5D /* TaskHubItem+CoreDataProperties.swift in Sources */ = {isa = PBXBuildFile; fileRef = 8D74105B2EB3A6B800B46D5D /* TaskHubItem+CoreDataProperties.swift */; };
		8D7410632EB3B19A00B46D5D /* PersistenceController.swift in Sources */ = {isa = PBXBuildFile; fileRef = 8D7410622EB3B19A00B46D5D /* PersistenceController.swift */; };
		8D7410652EB3B91800B46D5D /* TaskListComponent.swift in Sources */ = {isa = PBXBuildFile; fileRef = 8D7410642EB3B91800B46D5D /* TaskListComponent.swift */; };
		8D8245FC2EB8EF36003FA6B7 /* EditTaskView.swift in Sources */ = {isa = PBXBuildFile; fileRef = 8D8245FB2EB8EF36003FA6B7 /* EditTaskView.swift */; };
/* End PBXBuildFile section */

/* Begin PBXFileReference section */
		8D6A9DA72EABC4F500FDC26F /* TaskComponent.swift */ = {isa = PBXFileReference; lastKnownFileType = sourcecode.swift; path = TaskComponent.swift; sourceTree = "<group>"; };
		8D6A9DA92EABC4F500FDC26F /* AddTaskView.swift */ = {isa = PBXFileReference; lastKnownFileType = sourcecode.swift; path = AddTaskView.swift; sourceTree = "<group>"; };
		8D6A9DAA2EABC4F500FDC26F /* HomeView.swift */ = {isa = PBXFileReference; lastKnownFileType = sourcecode.swift; path = HomeView.swift; sourceTree = "<group>"; };
		8D6A9DAC2EABC4F500FDC26F /* Assets.xcassets */ = {isa = PBXFileReference; lastKnownFileType = folder.assetcatalog; path = Assets.xcassets; sourceTree = "<group>"; };
		8D6A9DAD2EABC4F500FDC26F /* ContentView.swift */ = {isa = PBXFileReference; lastKnownFileType = sourcecode.swift; path = ContentView.swift; sourceTree = "<group>"; };
		8D6A9DAF2EABC4F500FDC26F /* TaskHubApp.swift */ = {isa = PBXFileReference; lastKnownFileType = sourcecode.swift; path = TaskHubApp.swift; sourceTree = "<group>"; };
		8D7410582EB3A59500B46D5D /* TaskHub.xcdatamodel */ = {isa = PBXFileReference; lastKnownFileType = wrapper.xcdatamodel; path = TaskHub.xcdatamodel; sourceTree = "<group>"; };
		8D74105A2EB3A6B800B46D5D /* TaskHubItem+CoreDataClass.swift */ = {isa = PBXFileReference; lastKnownFileType = sourcecode.swift; path = "TaskHubItem+CoreDataClass.swift"; sourceTree = "<group>"; };
		8D74105B2EB3A6B800B46D5D /* TaskHubItem+CoreDataProperties.swift */ = {isa = PBXFileReference; lastKnownFileType = sourcecode.swift; path = "TaskHubItem+CoreDataProperties.swift"; sourceTree = "<group>"; };
		8D7410622EB3B19A00B46D5D /* PersistenceController.swift */ = {isa = PBXFileReference; lastKnownFileType = sourcecode.swift; path = PersistenceController.swift; sourceTree = "<group>"; };
		8D7410642EB3B91800B46D5D /* TaskListComponent.swift */ = {isa = PBXFileReference; lastKnownFileType = sourcecode.swift; path = TaskListComponent.swift; sourceTree = "<group>"; };
		8D7B23202EA5D7B600773E37 /* TaskHub.app */ = {isa = PBXFileReference; explicitFileType = wrapper.application; includeInIndex = 0; path = TaskHub.app; sourceTree = BUILT_PRODUCTS_DIR; };
		8D8245FB2EB8EF36003FA6B7 /* EditTaskView.swift */ = {isa = PBXFileReference; lastKnownFileType = sourcecode.swift; path = EditTaskView.swift; sourceTree = "<group>"; };
/* End PBXFileReference section */

/* Begin PBXFrameworksBuildPhase section */
		8D7B231D2EA5D7B600773E37 /* Frameworks */ = {
			isa = PBXFrameworksBuildPhase;
			buildActionMask = 2147483647;
			files = (
			);
			runOnlyForDeploymentPostprocessing = 0;
		};
/* End PBXFrameworksBuildPhase section */

/* Begin PBXGroup section */
		8D6A9DA82EABC4F500FDC26F /* ViewModels */ = {
			isa = PBXGroup;
			children = (
				8D6A9DA72EABC4F500FDC26F /* TaskComponent.swift */,
				8D7410642EB3B91800B46D5D /* TaskListComponent.swift */,
			);
			path = ViewModels;
			sourceTree = "<group>";
		};
		8D6A9DAB2EABC4F500FDC26F /* Views */ = {
			isa = PBXGroup;
			children = (
				8D6A9DA92EABC4F500FDC26F /* AddTaskView.swift */,
				8D6A9DAA2EABC4F500FDC26F /* HomeView.swift */,
				8D8245FB2EB8EF36003FA6B7 /* EditTaskView.swift */,
			);
			path = Views;
			sourceTree = "<group>";
		};
		8D6A9DB02EABC4F500FDC26F /* TaskHub */ = {
			isa = PBXGroup;
			children = (
				8D6A9DBA2EABC4FC00FDC26F /* CoreData */,
				8D6A9DA82EABC4F500FDC26F /* ViewModels */,
				8D6A9DAB2EABC4F500FDC26F /* Views */,
				8D6A9DAC2EABC4F500FDC26F /* Assets.xcassets */,
				8D6A9DAD2EABC4F500FDC26F /* ContentView.swift */,
				8D6A9DAF2EABC4F500FDC26F /* TaskHubApp.swift */,
				8D7410572EB3A59500B46D5D /* TaskHub.xcdatamodeld */,
			);
			path = TaskHub;
			sourceTree = "<group>";
		};
		8D6A9DBA2EABC4FC00FDC26F /* CoreData */ = {
			isa = PBXGroup;
			children = (
				8D74105B2EB3A6B800B46D5D /* TaskHubItem+CoreDataProperties.swift */,
				8D74105A2EB3A6B800B46D5D /* TaskHubItem+CoreDataClass.swift */,
				8D7410622EB3B19A00B46D5D /* PersistenceController.swift */,
			);
			path = CoreData;
			sourceTree = "<group>";
		};
		8D7B23172EA5D7B600773E37 = {
			isa = PBXGroup;
			children = (
				8D6A9DB02EABC4F500FDC26F /* TaskHub */,
				8D7B23212EA5D7B600773E37 /* Products */,
			);
			sourceTree = "<group>";
		};
		8D7B23212EA5D7B600773E37 /* Products */ = {
			isa = PBXGroup;
			children = (
				8D7B23202EA5D7B600773E37 /* TaskHub.app */,
			);
			name = Products;
			sourceTree = "<group>";
		};
/* End PBXGroup section */

/* Begin PBXNativeTarget section */
		8D7B231F2EA5D7B600773E37 /* TaskHub */ = {
			isa = PBXNativeTarget;
			buildConfigurationList = 8D7B232B2EA5D7B800773E37 /* Build configuration list for PBXNativeTarget "TaskHub" */;
			buildPhases = (
				8D7B231C2EA5D7B600773E37 /* Sources */,
				8D7B231D2EA5D7B600773E37 /* Frameworks */,
				8D7B231E2EA5D7B600773E37 /* Resources */,
			);
			buildRules = (
			);
			dependencies = (
			);
			name = TaskHub;
			packageProductDependencies = (
			);
			productName = TaskHub;
			productReference = 8D7B23202EA5D7B600773E37 /* TaskHub.app */;
			productType = "com.apple.product-type.application";
		};
/* End PBXNativeTarget section */

/* Begin PBXProject section */
		8D7B23182EA5D7B600773E37 /* Project object */ = {
			isa = PBXProject;
			attributes = {
				BuildIndependentTargetsInParallel = 1;
				LastSwiftUpdateCheck = 2600;
				LastUpgradeCheck = 2600;
				TargetAttributes = {
					8D7B231F2EA5D7B600773E37 = {
						CreatedOnToolsVersion = 26.0.1;
					};
				};
			};
			buildConfigurationList = 8D7B231B2EA5D7B600773E37 /* Build configuration list for PBXProject "TaskHub" */;
			developmentRegion = en;
			hasScannedForEncodings = 0;
			knownRegions = (
				en,
				Base,
			);
			mainGroup = 8D7B23172EA5D7B600773E37;
			minimizedProjectReferenceProxies = 1;
			preferredProjectObjectVersion = 77;
			productRefGroup = 8D7B23212EA5D7B600773E37 /* Products */;
			projectDirPath = "";
			projectRoot = "";
			targets = (
				8D7B231F2EA5D7B600773E37 /* TaskHub */,
			);
		};
/* End PBXProject section */

/* Begin PBXResourcesBuildPhase section */
		8D7B231E2EA5D7B600773E37 /* Resources */ = {
			isa = PBXResourcesBuildPhase;
			buildActionMask = 2147483647;
			files = (
				8D6A9DB92EABC4F500FDC26F /* Assets.xcassets in Resources */,
			);
			runOnlyForDeploymentPostprocessing = 0;
		};
/* End PBXResourcesBuildPhase section */

/* Begin PBXSourcesBuildPhase section */
		8D7B231C2EA5D7B600773E37 /* Sources */ = {
			isa = PBXSourcesBuildPhase;
			buildActionMask = 2147483647;
			files = (
				8D7410592EB3A59500B46D5D /* TaskHub.xcdatamodeld in Sources */,
				8D7410652EB3B91800B46D5D /* TaskListComponent.swift in Sources */,
				8D74105C2EB3A6B800B46D5D /* TaskHubItem+CoreDataClass.swift in Sources */,
				8D74105D2EB3A6B800B46D5D /* TaskHubItem+CoreDataProperties.swift in Sources */,
				8D6A9DB32EABC4F500FDC26F /* TaskComponent.swift in Sources */,
				8D6A9DB42EABC4F500FDC26F /* AddTaskView.swift in Sources */,
				8D6A9DB52EABC4F500FDC26F /* HomeView.swift in Sources */,
				8D6A9DB62EABC4F500FDC26F /* ContentView.swift in Sources */,
				8D8245FC2EB8EF36003FA6B7 /* EditTaskView.swift in Sources */,
				8D6A9DB82EABC4F500FDC26F /* TaskHubApp.swift in Sources */,
				8D7410632EB3B19A00B46D5D /* PersistenceController.swift in Sources */,
			);
			runOnlyForDeploymentPostprocessing = 0;
		};
/* End PBXSourcesBuildPhase section */

/* Begin XCBuildConfiguration section */
		8D7B23292EA5D7B800773E37 /* Debug */ = {
			isa = XCBuildConfiguration;
			buildSettings = {
				ALWAYS_SEARCH_USER_PATHS = NO;
				ASSETCATALOG_COMPILER_GENERATE_SWIFT_ASSET_SYMBOL_EXTENSIONS = YES;
				CLANG_ANALYZER_NONNULL = YES;
				CLANG_ANALYZER_NUMBER_OBJECT_CONVERSION = YES_AGGRESSIVE;
				CLANG_CXX_LANGUAGE_STANDARD = "gnu++20";
				CLANG_ENABLE_MODULES = YES;
				CLANG_ENABLE_OBJC_ARC = YES;
				CLANG_ENABLE_OBJC_WEAK = YES;
				CLANG_WARN_BLOCK_CAPTURE_AUTORELEASING = YES;
				CLANG_WARN_BOOL_CONVERSION = YES;
				CLANG_WARN_COMMA = YES;
				CLANG_WARN_CONSTANT_CONVERSION = YES;
				CLANG_WARN_DEPRECATED_OBJC_IMPLEMENTATIONS = YES;
				CLANG_WARN_DIRECT_OBJC_ISA_USAGE = YES_ERROR;
				CLANG_WARN_DOCUMENTATION_COMMENTS = YES;
				CLANG_WARN_EMPTY_BODY = YES;
				CLANG_WARN_ENUM_CONVERSION = YES;
				CLANG_WARN_INFINITE_RECURSION = YES;
				CLANG_WARN_INT_CONVERSION = YES;
				CLANG_WARN_NON_LITERAL_NULL_CONVERSION = YES;
				CLANG_WARN_OBJC_IMPLICIT_RETAIN_SELF = YES;
				CLANG_WARN_OBJC_LITERAL_CONVERSION = YES;
				CLANG_WARN_OBJC_ROOT_CLASS = YES_ERROR;
				CLANG_WARN_QUOTED_INCLUDE_IN_FRAMEWORK_HEADER = YES;
				CLANG_WARN_RANGE_LOOP_ANALYSIS = YES;
				CLANG_WARN_STRICT_PROTOTYPES = YES;
				CLANG_WARN_SUSPICIOUS_MOVE = YES;
				CLANG_WARN_UNGUARDED_AVAILABILITY = YES_AGGRESSIVE;
				CLANG_WARN_UNREACHABLE_CODE = YES;
				CLANG_WARN__DUPLICATE_METHOD_MATCH = YES;
				COPY_PHASE_STRIP = NO;
				DEBUG_INFORMATION_FORMAT = dwarf;
				DEVELOPMENT_TEAM = S6R728NPBH;
				ENABLE_STRICT_OBJC_MSGSEND = YES;
				ENABLE_TESTABILITY = YES;
				ENABLE_USER_SCRIPT_SANDBOXING = YES;
				GCC_C_LANGUAGE_STANDARD = gnu17;
				GCC_DYNAMIC_NO_PIC = NO;
				GCC_NO_COMMON_BLOCKS = YES;
				GCC_OPTIMIZATION_LEVEL = 0;
				GCC_PREPROCESSOR_DEFINITIONS = (
					"DEBUG=1",
					"$(inherited)",
				);
				GCC_WARN_64_TO_32_BIT_CONVERSION = YES;
				GCC_WARN_ABOUT_RETURN_TYPE = YES_ERROR;
				GCC_WARN_UNDECLARED_SELECTOR = YES;
				GCC_WARN_UNINITIALIZED_AUTOS = YES_AGGRESSIVE;
				GCC_WARN_UNUSED_FUNCTION = YES;
				GCC_WARN_UNUSED_VARIABLE = YES;
				IPHONEOS_DEPLOYMENT_TARGET = 26.0;
				LOCALIZATION_PREFERS_STRING_CATALOGS = YES;
				MTL_ENABLE_DEBUG_INFO = INCLUDE_SOURCE;
				MTL_FAST_MATH = YES;
				ONLY_ACTIVE_ARCH = YES;
				SDKROOT = iphoneos;
				SWIFT_ACTIVE_COMPILATION_CONDITIONS = "DEBUG $(inherited)";
				SWIFT_OPTIMIZATION_LEVEL = "-Onone";
			};
			name = Debug;
		};
		8D7B232A2EA5D7B800773E37 /* Release */ = {
			isa = XCBuildConfiguration;
			buildSettings = {
				ALWAYS_SEARCH_USER_PATHS = NO;
				ASSETCATALOG_COMPILER_GENERATE_SWIFT_ASSET_SYMBOL_EXTENSIONS = YES;
				CLANG_ANALYZER_NONNULL = YES;
				CLANG_ANALYZER_NUMBER_OBJECT_CONVERSION = YES_AGGRESSIVE;
				CLANG_CXX_LANGUAGE_STANDARD = "gnu++20";
				CLANG_ENABLE_MODULES = YES;
				CLANG_ENABLE_OBJC_ARC = YES;
				CLANG_ENABLE_OBJC_WEAK = YES;
				CLANG_WARN_BLOCK_CAPTURE_AUTORELEASING = YES;
				CLANG_WARN_BOOL_CONVERSION = YES;
				CLANG_WARN_COMMA = YES;
				CLANG_WARN_CONSTANT_CONVERSION = YES;
				CLANG_WARN_DEPRECATED_OBJC_IMPLEMENTATIONS = YES;
				CLANG_WARN_DIRECT_OBJC_ISA_USAGE = YES_ERROR;
				CLANG_WARN_DOCUMENTATION_COMMENTS = YES;
				CLANG_WARN_EMPTY_BODY = YES;
				CLANG_WARN_ENUM_CONVERSION = YES;
				CLANG_WARN_INFINITE_RECURSION = YES;
				CLANG_WARN_INT_CONVERSION = YES;
				CLANG_WARN_NON_LITERAL_NULL_CONVERSION = YES;
				CLANG_WARN_OBJC_IMPLICIT_RETAIN_SELF = YES;
				CLANG_WARN_OBJC_LITERAL_CONVERSION = YES;
				CLANG_WARN_OBJC_ROOT_CLASS = YES_ERROR;
				CLANG_WARN_QUOTED_INCLUDE_IN_FRAMEWORK_HEADER = YES;
				CLANG_WARN_RANGE_LOOP_ANALYSIS = YES;
				CLANG_WARN_STRICT_PROTOTYPES = YES;
				CLANG_WARN_SUSPICIOUS_MOVE = YES;
				CLANG_WARN_UNGUARDED_AVAILABILITY = YES_AGGRESSIVE;
				CLANG_WARN_UNREACHABLE_CODE = YES;
				CLANG_WARN__DUPLICATE_METHOD_MATCH = YES;
				COPY_PHASE_STRIP = NO;
				DEBUG_INFORMATION_FORMAT = "dwarf-with-dsym";
				DEVELOPMENT_TEAM = S6R728NPBH;
				ENABLE_NS_ASSERTIONS = NO;
				ENABLE_STRICT_OBJC_MSGSEND = YES;
				ENABLE_USER_SCRIPT_SANDBOXING = YES;
				GCC_C_LANGUAGE_STANDARD = gnu17;
				GCC_NO_COMMON_BLOCKS = YES;
				GCC_WARN_64_TO_32_BIT_CONVERSION = YES;
				GCC_WARN_ABOUT_RETURN_TYPE = YES_ERROR;
				GCC_WARN_UNDECLARED_SELECTOR = YES;
				GCC_WARN_UNINITIALIZED_AUTOS = YES_AGGRESSIVE;
				GCC_WARN_UNUSED_FUNCTION = YES;
				GCC_WARN_UNUSED_VARIABLE = YES;
				IPHONEOS_DEPLOYMENT_TARGET = 26.0;
				LOCALIZATION_PREFERS_STRING_CATALOGS = YES;
				MTL_ENABLE_DEBUG_INFO = NO;
				MTL_FAST_MATH = YES;
				SDKROOT = iphoneos;
				SWIFT_COMPILATION_MODE = wholemodule;
				VALIDATE_PRODUCT = YES;
			};
			name = Release;
		};
		8D7B232C2EA5D7B800773E37 /* Debug */ = {
			isa = XCBuildConfiguration;
			buildSettings = {
				ASSETCATALOG_COMPILER_APPICON_NAME = AppIcon;
				ASSETCATALOG_COMPILER_GLOBAL_ACCENT_COLOR_NAME = AccentColor;
				CODE_SIGN_STYLE = Automatic;
				CURRENT_PROJECT_VERSION = 1;
				DEVELOPMENT_TEAM = S6R728NPBH;
				ENABLE_PREVIEWS = YES;
				GENERATE_INFOPLIST_FILE = YES;
				INFOPLIST_KEY_UIApplicationSceneManifest_Generation = YES;
				INFOPLIST_KEY_UIApplicationSupportsIndirectInputEvents = YES;
				INFOPLIST_KEY_UILaunchScreen_Generation = YES;
				INFOPLIST_KEY_UISupportedInterfaceOrientations_iPad = "UIInterfaceOrientationPortrait UIInterfaceOrientationPortraitUpsideDown UIInterfaceOrientationLandscapeLeft UIInterfaceOrientationLandscapeRight";
				INFOPLIST_KEY_UISupportedInterfaceOrientations_iPhone = "UIInterfaceOrientationPortrait UIInterfaceOrientationLandscapeLeft UIInterfaceOrientationLandscapeRight";
				LD_RUNPATH_SEARCH_PATHS = (
					"$(inherited)",
					"@executable_path/Frameworks",
				);
				MARKETING_VERSION = 1.0;
				PRODUCT_BUNDLE_IDENTIFIER = com.marcosdev.TaskHub;
				PRODUCT_NAME = "$(TARGET_NAME)";
				STRING_CATALOG_GENERATE_SYMBOLS = YES;
				SWIFT_APPROACHABLE_CONCURRENCY = YES;
				SWIFT_DEFAULT_ACTOR_ISOLATION = MainActor;
				SWIFT_EMIT_LOC_STRINGS = YES;
				SWIFT_UPCOMING_FEATURE_MEMBER_IMPORT_VISIBILITY = YES;
				SWIFT_VERSION = 5.0;
				TARGETED_DEVICE_FAMILY = "1,2";
			};
			name = Debug;
		};
		8D7B232D2EA5D7B800773E37 /* Release */ = {
			isa = XCBuildConfiguration;
			buildSettings = {
				ASSETCATALOG_COMPILER_APPICON_NAME = AppIcon;
				ASSETCATALOG_COMPILER_GLOBAL_ACCENT_COLOR_NAME = AccentColor;
				CODE_SIGN_STYLE = Automatic;
				CURRENT_PROJECT_VERSION = 1;
				DEVELOPMENT_TEAM = S6R728NPBH;
				ENABLE_PREVIEWS = YES;
				GENERATE_INFOPLIST_FILE = YES;
				INFOPLIST_KEY_UIApplicationSceneManifest_Generation = YES;
				INFOPLIST_KEY_UIApplicationSupportsIndirectInputEvents = YES;
				INFOPLIST_KEY_UILaunchScreen_Generation = YES;
				INFOPLIST_KEY_UISupportedInterfaceOrientations_iPad = "UIInterfaceOrientationPortrait UIInterfaceOrientationPortraitUpsideDown UIInterfaceOrientationLandscapeLeft UIInterfaceOrientationLandscapeRight";
				INFOPLIST_KEY_UISupportedInterfaceOrientations_iPhone = "UIInterfaceOrientationPortrait UIInterfaceOrientationLandscapeLeft UIInterfaceOrientationLandscapeRight";
				LD_RUNPATH_SEARCH_PATHS = (
					"$(inherited)",
					"@executable_path/Frameworks",
				);
				MARKETING_VERSION = 1.0;
				PRODUCT_BUNDLE_IDENTIFIER = com.marcosdev.TaskHub;
				PRODUCT_NAME = "$(TARGET_NAME)";
				STRING_CATALOG_GENERATE_SYMBOLS = YES;
				SWIFT_APPROACHABLE_CONCURRENCY = YES;
				SWIFT_DEFAULT_ACTOR_ISOLATION = MainActor;
				SWIFT_EMIT_LOC_STRINGS = YES;
				SWIFT_UPCOMING_FEATURE_MEMBER_IMPORT_VISIBILITY = YES;
				SWIFT_VERSION = 5.0;
				TARGETED_DEVICE_FAMILY = "1,2";
			};
			name = Release;
		};
/* End XCBuildConfiguration section */

/* Begin XCConfigurationList section */
		8D7B231B2EA5D7B600773E37 /* Build configuration list for PBXProject "TaskHub" */ = {
			isa = XCConfigurationList;
			buildConfigurations = (
				8D7B23292EA5D7B800773E37 /* Debug */,
				8D7B232A2EA5D7B800773E37 /* Release */,
			);
			defaultConfigurationIsVisible = 0;
			defaultConfigurationName = Release;
		};
		8D7B232B2EA5D7B800773E37 /* Build configuration list for PBXNativeTarget "TaskHub" */ = {
			isa = XCConfigurationList;
			buildConfigurations = (
				8D7B232C2EA5D7B800773E37 /* Debug */,
				8D7B232D2EA5D7B800773E37 /* Release */,
			);
			defaultConfigurationIsVisible = 0;
			defaultConfigurationName = Release;
		};
/* End XCConfigurationList section */

/* Begin XCVersionGroup section */
		8D7410572EB3A59500B46D5D /* TaskHub.xcdatamodeld */ = {
			isa = XCVersionGroup;
			children = (
				8D7410582EB3A59500B46D5D /* TaskHub.xcdatamodel */,
			);
			currentVersion = 8D7410582EB3A59500B46D5D /* TaskHub.xcdatamodel */;
			path = TaskHub.xcdatamodeld;
			sourceTree = "<group>";
			versionGroupType = wrapper.xcdatamodel;
		};
/* End XCVersionGroup section */
	};
	rootObject = 8D7B23182EA5D7B600773E37 /* Project object */;
}
